{
  "requires": true,
  "lockfileVersion": 1,
  "dependencies": {
    "simple-uploader.js": {
      "version": "0.5.1",
      "resolved": "https://registry.npm.taobao.org/simple-uploader.js/download/simple-uploader.js-0.5.1.tgz",
      "integrity": "sha1-LvSPmvS8L+8tKnpGuB/pjDlU7pc="
    },
    "vue-simple-uploader": {
      "version": "0.7.1",
      "resolved": "https://registry.npm.taobao.org/vue-simple-uploader/download/vue-simple-uploader-0.7.1.tgz",
      "integrity": "sha1-l5GJfnTRmN7lJucYaRyTqgLDHqk=",
      "requires": {
        "simple-uploader.js": "^0.5.1"
      }
    }
  }
}
